
Microsoft Visual Studio Solution File, Format Version 12.00
Project("{FAE04EC0-301F-11D3-BF4B-00C04F79EFBC}") = "Base2D.Engine", "src\Base2D.Engine\Base2D.Engine.csproj", "{029B9715-E578-47CD-A65E-A7604966C221}"
EndProject
Global
	GlobalSection(SolutionConfigurationPlatforms) = preSolution
		Debug|Any CPU = Debug|Any CPU
		Release|Any CPU = Release|Any CPU
	EndGlobalSection
	GlobalSection(ProjectConfigurationPlatforms) = postSolution
		{029B9715-E578-47CD-A65E-A7604966C221}.Debug|Any CPU.ActiveCfg = Debug|Any CPU
		{029B9715-E578-47CD-A65E-A7604966C221}.Debug|Any CPU.Build.0 = Debug|Any CPU
		{029B9715-E578-47CD-A65E-A7604966C221}.Release|Any CPU.ActiveCfg = Release|Any CPU
		{029B9715-E578-47CD-A65E-A7604966C221}.Release|Any CPU.Build.0 = Release|Any CPU
	EndGlobalSection
EndGlobal
